// !$*UTF8*$!
{
	archiveVersion = 1;
	classes = {
	};
	objectVersion = 46;
	objects = {

/* Begin PBXBuildFile section */
		DE9E049E14EB3F9400F74F6E /* UIKit.framework in Frameworks */ = {isa = PBXBuildFile; fileRef = DE9E049D14EB3F9400F74F6E /* UIKit.framework */; };
		DE9E04A014EB3F9400F74F6E /* Foundation.framework in Frameworks */ = {isa = PBXBuildFile; fileRef = DE9E049F14EB3F9400F74F6E /* Foundation.framework */; };
		DE9E04A214EB3F9400F74F6E /* CoreGraphics.framework in Frameworks */ = {isa = PBXBuildFile; fileRef = DE9E04A114EB3F9400F74F6E /* CoreGraphics.framework */; };
		DE9E04A814EB3F9400F74F6E /* InfoPlist.strings in Resources */ = {isa = PBXBuildFile; fileRef = DE9E04A614EB3F9400F74F6E /* InfoPlist.strings */; };
		DE9E04AA14EB3F9400F74F6E /* main.m in Sources */ = {isa = PBXBuildFile; fileRef = DE9E04A914EB3F9400F74F6E /* main.m */; };
		DE9E04AE14EB3F9400F74F6E /* AppDelegate.m in Sources */ = {isa = PBXBuildFile; fileRef = DE9E04AD14EB3F9400F74F6E /* AppDelegate.m */; };
		DE9E04B114EB3F9400F74F6E /* MainStoryboard_iPhone.storyboard in Resources */ = {isa = PBXBuildFile; fileRef = DE9E04AF14EB3F9400F74F6E /* MainStoryboard_iPhone.storyboard */; };
		DE9E04B414EB3F9400F74F6E /* MainStoryboard_iPad.storyboard in Resources */ = {isa = PBXBuildFile; fileRef = DE9E04B214EB3F9400F74F6E /* MainStoryboard_iPad.storyboard */; };
		DE9E04B714EB3F9400F74F6E /* FirstViewController.m in Sources */ = {isa = PBXBuildFile; fileRef = DE9E04B614EB3F9400F74F6E /* FirstViewController.m */; };
		DE9E04B914EB3F9400F74F6E /* first.png in Resources */ = {isa = PBXBuildFile; fileRef = DE9E04B814EB3F9400F74F6E /* first.png */; };
		DE9E04BB14EB3F9400F74F6E /* first@2x.png in Resources */ = {isa = PBXBuildFile; fileRef = DE9E04BA14EB3F9400F74F6E /* first@2x.png */; };
		DE9E04BE14EB3F9400F74F6E /* SecondViewController.m in Sources */ = {isa = PBXBuildFile; fileRef = DE9E04BD14EB3F9400F74F6E /* SecondViewController.m */; };
		DE9E04C014EB3F9400F74F6E /* second.png in Resources */ = {isa = PBXBuildFile; fileRef = DE9E04BF14EB3F9400F74F6E /* second.png */; };
		DE9E04C214EB3F9400F74F6E /* second@2x.png in Resources */ = {isa = PBXBuildFile; fileRef = DE9E04C114EB3F9400F74F6E /* second@2x.png */; };
/* End PBXBuildFile section */

/* Begin PBXFileReference section */
		DE9E049914EB3F9400F74F6E /* CFTetris.app */ = {isa = PBXFileReference; explicitFileType = wrapper.application; includeInIndex = 0; path = CFTetris.app; sourceTree = BUILT_PRODUCTS_DIR; };
		DE9E049D14EB3F9400F74F6E /* UIKit.framework */ = {isa = PBXFileReference; lastKnownFileType = wrapper.framework; name = UIKit.framework; path = System/Library/Frameworks/UIKit.framework; sourceTree = SDKROOT; };
		DE9E049F14EB3F9400F74F6E /* Foundation.framework */ = {isa = PBXFileReference; lastKnownFileType = wrapper.framework; name = Foundation.framework; path = System/Library/Frameworks/Foundation.framework; sourceTree = SDKROOT; };
		DE9E04A114EB3F9400F74F6E /* CoreGraphics.framework */ = {isa = PBXFileReference; lastKnownFileType = wrapper.framework; name = CoreGraphics.framework; path = System/Library/Frameworks/CoreGraphics.framework; sourceTree = SDKROOT; };
		DE9E04A514EB3F9400F74F6E /* CFTetris-Info.plist */ = {isa = PBXFileReference; path = "CFTetris-Info.plist"; sourceTree = "<group>"; };
		DE9E04A714EB3F9400F74F6E /* en */ = {isa = PBXFileReference; lastKnownFileType = text.plist.strings; name = en; path = en.lproj/InfoPlist.strings; sourceTree = "<group>"; };
		DE9E04A914EB3F9400F74F6E /* main.m */ = {isa = PBXFileReference; lastKnownFileType = sourcecode.c.objc; path = main.m; sourceTree = "<group>"; };
		DE9E04AB14EB3F9400F74F6E /* CFTetris-Prefix.pch */ = {isa = PBXFileReference; path = "CFTetris-Prefix.pch"; sourceTree = "<group>"; };
		DE9E04AC14EB3F9400F74F6E /* AppDelegate.h */ = {isa = PBXFileReference; path = AppDelegate.h; sourceTree = "<group>"; };
		DE9E04AD14EB3F9400F74F6E /* AppDelegate.m */ = {isa = PBXFileReference; lastKnownFileType = sourcecode.c.objc; path = AppDelegate.m; sourceTree = "<group>"; };
		DE9E04B014EB3F9400F74F6E /* en */ = {isa = PBXFileReference; lastKnownFileType = file.storyboard; name = en; path = en.lproj/MainStoryboard_iPhone.storyboard; sourceTree = "<group>"; };
		DE9E04B314EB3F9400F74F6E /* en */ = {isa = PBXFileReference; lastKnownFileType = file.storyboard; name = en; path = en.lproj/MainStoryboard_iPad.storyboard; sourceTree = "<group>"; };
		DE9E04B514EB3F9400F74F6E /* FirstViewController.h */ = {isa = PBXFileReference; path = FirstViewController.h; sourceTree = "<group>"; };
		DE9E04B614EB3F9400F74F6E /* FirstViewController.m */ = {isa = PBXFileReference; lastKnownFileType = sourcecode.c.objc; path = FirstViewController.m; sourceTree = "<group>"; };
		DE9E04B814EB3F9400F74F6E /* first.png */ = {isa = PBXFileReference; lastKnownFileType = image.png; path = first.png; sourceTree = "<group>"; };
		DE9E04BA14EB3F9400F74F6E /* first@2x.png */ = {isa = PBXFileReference; lastKnownFileType = image.png; path = "first@2x.png"; sourceTree = "<group>"; };
		DE9E04BC14EB3F9400F74F6E /* SecondViewController.h */ = {isa = PBXFileReference; path = SecondViewController.h; sourceTree = "<group>"; };
		DE9E04BD14EB3F9400F74F6E /* SecondViewController.m */ = {isa = PBXFileReference; lastKnownFileType = sourcecode.c.objc; path = SecondViewController.m; sourceTree = "<group>"; };
		DE9E04BF14EB3F9400F74F6E /* second.png */ = {isa = PBXFileReference; lastKnownFileType = image.png; path = second.png; sourceTree = "<group>"; };
		DE9E04C114EB3F9400F74F6E /* second@2x.png */ = {isa = PBXFileReference; lastKnownFileType = image.png; path = "second@2x.png"; sourceTree = "<group>"; };
/* End PBXFileReference section */

/* Begin PBXFrameworksBuildPhase section */
		DE9E049614EB3F9400F74F6E /* Frameworks */ = {
			isa = PBXFrameworksBuildPhase;
			buildActionMask = 2147483647;
			files = (
				DE9E049E14EB3F9400F74F6E /* UIKit.framework in Frameworks */,
				DE9E04A014EB3F9400F74F6E /* Foundation.framework in Frameworks */,
				DE9E04A214EB3F9400F74F6E /* CoreGraphics.framework in Frameworks */,
			);
			runOnlyForDeploymentPostprocessing = 0;
		};
/* End PBXFrameworksBuildPhase section */

/* Begin PBXGroup section */
		DE9E048E14EB3F9400F74F6E = {
			isa = PBXGroup;
			children = (
				DE9E04A314EB3F9400F74F6E /* CFTetris */,
				DE9E049C14EB3F9400F74F6E /* Frameworks */,
				DE9E049A14EB3F9400F74F6E /* Products */,
			);
			sourceTree = "<group>";
		};
		DE9E049A14EB3F9400F74F6E /* Products */ = {
			isa = PBXGroup;
			children = (
				DE9E049914EB3F9400F74F6E /* CFTetris.app */,
			);
			name = Products;
			sourceTree = "<group>";
		};
		DE9E049C14EB3F9400F74F6E /* Frameworks */ = {
			isa = PBXGroup;
			children = (
				DE9E049D14EB3F9400F74F6E /* UIKit.framework */,
				DE9E049F14EB3F9400F74F6E /* Foundation.framework */,
				DE9E04A114EB3F9400F74F6E /* CoreGraphics.framework */,
			);
			name = Frameworks;
			sourceTree = "<group>";
		};
		DE9E04A314EB3F9400F74F6E /* CFTetris */ = {
			isa = PBXGroup;
			children = (
				DE9E04AC14EB3F9400F74F6E /* AppDelegate.h */,
				DE9E04AD14EB3F9400F74F6E /* AppDelegate.m */,
				DE9E04AF14EB3F9400F74F6E /* MainStoryboard_iPhone.storyboard */,
				DE9E04B214EB3F9400F74F6E /* MainStoryboard_iPad.storyboard */,
				DE9E04B514EB3F9400F74F6E /* FirstViewController.h */,
				DE9E04B614EB3F9400F74F6E /* FirstViewController.m */,
				DE9E04B814EB3F9400F74F6E /* first.png */,
				DE9E04BA14EB3F9400F74F6E /* first@2x.png */,
				DE9E04BC14EB3F9400F74F6E /* SecondViewController.h */,
				DE9E04BD14EB3F9400F74F6E /* SecondViewController.m */,
				DE9E04BF14EB3F9400F74F6E /* second.png */,
				DE9E04C114EB3F9400F74F6E /* second@2x.png */,
				DE9E04A414EB3F9400F74F6E /* Supporting Files */,
			);
			path = CFTetris;
			sourceTree = "<group>";
		};
		DE9E04A414EB3F9400F74F6E /* Supporting Files */ = {
			isa = PBXGroup;
			children = (
				DE9E04A514EB3F9400F74F6E /* CFTetris-Info.plist */,
				DE9E04A614EB3F9400F74F6E /* InfoPlist.strings */,
				DE9E04A914EB3F9400F74F6E /* main.m */,
				DE9E04AB14EB3F9400F74F6E /* CFTetris-Prefix.pch */,
			);
			name = "Supporting Files";
			sourceTree = "<group>";
		};
/* End PBXGroup section */

/* Begin PBXNativeTarget section */
		DE9E049814EB3F9400F74F6E /* CFTetris */ = {
			isa = PBXNativeTarget;
			buildConfigurationList = DE9E04C514EB3F9400F74F6E /* Build configuration list for PBXNativeTarget "CFTetris" */;
			buildPhases = (
				DE9E049514EB3F9400F74F6E /* Sources */,
				DE9E049614EB3F9400F74F6E /* Frameworks */,
				DE9E049714EB3F9400F74F6E /* Resources */,
			);
			buildRules = (
			);
			dependencies = (
			);
			name = CFTetris;
			productName = CFTetris;
			productReference = DE9E049914EB3F9400F74F6E /* CFTetris.app */;
			productType = "com.apple.product-type.application";
		};
/* End PBXNativeTarget section */

/* Begin PBXProject section */
		DE9E049014EB3F9400F74F6E /* Project object */ = {
			isa = PBXProject;
			attributes = {
				LastUpgradeCheck = 0420;
			};
			buildConfigurationList = DE9E049314EB3F9400F74F6E /* Build configuration list for PBXProject "CFTetris" */;
			compatibilityVersion = "Xcode 3.2";
			developmentRegion = English;
			hasScannedForEncodings = 0;
			knownRegions = (
				en,
			);
			mainGroup = DE9E048E14EB3F9400F74F6E;
			productRefGroup = DE9E049A14EB3F9400F74F6E /* Products */;
			projectDirPath = "";
			projectRoot = "";
			targets = (
				DE9E049814EB3F9400F74F6E /* CFTetris */,
			);
		};
/* End PBXProject section */

/* Begin PBXResourcesBuildPhase section */
		DE9E049714EB3F9400F74F6E /* Resources */ = {
			isa = PBXResourcesBuildPhase;
			buildActionMask = 2147483647;
			files = (
				DE9E04A814EB3F9400F74F6E /* InfoPlist.strings in Resources */,
				DE9E04B114EB3F9400F74F6E /* MainStoryboard_iPhone.storyboard in Resources */,
				DE9E04B414EB3F9400F74F6E /* MainStoryboard_iPad.storyboard in Resources */,
				DE9E04B914EB3F9400F74F6E /* first.png in Resources */,
				DE9E04BB14EB3F9400F74F6E /* first@2x.png in Resources */,
				DE9E04C014EB3F9400F74F6E /* second.png in Resources */,
				DE9E04C214EB3F9400F74F6E /* second@2x.png in Resources */,
			);
			runOnlyForDeploymentPostprocessing = 0;
		};
/* End PBXResourcesBuildPhase section */

/* Begin PBXSourcesBuildPhase section */
		DE9E049514EB3F9400F74F6E /* Sources */ = {
			isa = PBXSourcesBuildPhase;
			buildActionMask = 2147483647;
			files = (
				DE9E04AA14EB3F9400F74F6E /* main.m in Sources */,
				DE9E04AE14EB3F9400F74F6E /* AppDelegate.m in Sources */,
				DE9E04B714EB3F9400F74F6E /* FirstViewController.m in Sources */,
				DE9E04BE14EB3F9400F74F6E /* SecondViewController.m in Sources */,
			);
			runOnlyForDeploymentPostprocessing = 0;
		};
/* End PBXSourcesBuildPhase section */

/* Begin PBXVariantGroup section */
		DE9E04A614EB3F9400F74F6E /* InfoPlist.strings */ = {
			isa = PBXVariantGroup;
			children = (
				DE9E04A714EB3F9400F74F6E /* en */,
			);
			name = InfoPlist.strings;
			sourceTree = "<group>";
		};
		DE9E04AF14EB3F9400F74F6E /* MainStoryboard_iPhone.storyboard */ = {
			isa = PBXVariantGroup;
			children = (
				DE9E04B014EB3F9400F74F6E /* en */,
			);
			name = MainStoryboard_iPhone.storyboard;
			sourceTree = "<group>";
		};
		DE9E04B214EB3F9400F74F6E /* MainStoryboard_iPad.storyboard */ = {
			isa = PBXVariantGroup;
			children = (
				DE9E04B314EB3F9400F74F6E /* en */,
			);
			name = MainStoryboard_iPad.storyboard;
			sourceTree = "<group>";
		};
/* End PBXVariantGroup section */

/* Begin XCBuildConfiguration section */
		DE9E04C314EB3F9400F74F6E /* Debug */ = {
			isa = XCBuildConfiguration;
			buildSettings = {
				ALWAYS_SEARCH_USER_PATHS = NO;
				ARCHS = "$(ARCHS_STANDARD_32_BIT)";
				CLANG_ENABLE_OBJC_ARC = YES;
				"CODE_SIGN_IDENTITY[sdk=iphoneos*]" = "iPhone Developer";
				COPY_PHASE_STRIP = NO;
				GCC_C_LANGUAGE_STANDARD = gnu99;
				GCC_DYNAMIC_NO_PIC = NO;
				GCC_OPTIMIZATION_LEVEL = 0;
				GCC_PREPROCESSOR_DEFINITIONS = (
					"DEBUG=1",
					"$(inherited)",
				);
				GCC_SYMBOLS_PRIVATE_EXTERN = NO;
				GCC_VERSION = com.apple.compilers.llvm.clang.1_0;
				GCC_WARN_ABOUT_MISSING_PROTOTYPES = YES;
				GCC_WARN_ABOUT_RETURN_TYPE = YES;
				GCC_WARN_UNUSED_VARIABLE = YES;
				IPHONEOS_DEPLOYMENT_TARGET = 5.0;
				SDKROOT = iphoneos;
				TARGETED_DEVICE_FAMILY = "1,2";
			};
			name = Debug;
		};
		DE9E04C414EB3F9400F74F6E /* Release */ = {
			isa = XCBuildConfiguration;
			buildSettings = {
				ALWAYS_SEARCH_USER_PATHS = NO;
				ARCHS = "$(ARCHS_STANDARD_32_BIT)";
				CLANG_ENABLE_OBJC_ARC = YES;
				"CODE_SIGN_IDENTITY[sdk=iphoneos*]" = "iPhone Developer";
				COPY_PHASE_STRIP = YES;
				GCC_C_LANGUAGE_STANDARD = gnu99;
				GCC_VERSION = com.apple.compilers.llvm.clang.1_0;
				GCC_WARN_ABOUT_MISSING_PROTOTYPES = YES;
				GCC_WARN_ABOUT_RETURN_TYPE = YES;
				GCC_WARN_UNUSED_VARIABLE = YES;
				IPHONEOS_DEPLOYMENT_TARGET = 5.0;
				OTHER_CFLAGS = "-DNS_BLOCK_ASSERTIONS=1";
				SDKROOT = iphoneos;
				TARGETED_DEVICE_FAMILY = "1,2";
				VALIDATE_PRODUCT = YES;
			};
			name = Release;
		};
		DE9E04C614EB3F9400F74F6E /* Debug */ = {
			isa = XCBuildConfiguration;
			buildSettings = {
				GCC_PRECOMPILE_PREFIX_HEADER = YES;
				GCC_PREFIX_HEADER = "CFTetris/CFTetris-Prefix.pch";
				INFOPLIST_FILE = "CFTetris/CFTetris-Info.plist";
				PRODUCT_NAME = "$(TARGET_NAME)";
				WRAPPER_EXTENSION = app;
			};
			name = Debug;
		};
		DE9E04C714EB3F9400F74F6E /* Release */ = {
			isa = XCBuildConfiguration;
			buildSettings = {
				GCC_PRECOMPILE_PREFIX_HEADER = YES;
				GCC_PREFIX_HEADER = "CFTetris/CFTetris-Prefix.pch";
				INFOPLIST_FILE = "CFTetris/CFTetris-Info.plist";
				PRODUCT_NAME = "$(TARGET_NAME)";
				WRAPPER_EXTENSION = app;
			};
			name = Release;
		};
/* End XCBuildConfiguration section */

/* Begin XCConfigurationList section */
		DE9E049314EB3F9400F74F6E /* Build configuration list for PBXProject "CFTetris" */ = {
			isa = XCConfigurationList;
			buildConfigurations = (
				DE9E04C314EB3F9400F74F6E /* Debug */,
				DE9E04C414EB3F9400F74F6E /* Release */,
			);
			defaultConfigurationIsVisible = 0;
			defaultConfigurationName = Release;
		};
		DE9E04C514EB3F9400F74F6E /* Build configuration list for PBXNativeTarget "CFTetris" */ = {
			isa = XCConfigurationList;
			buildConfigurations = (
				DE9E04C614EB3F9400F74F6E /* Debug */,
				DE9E04C714EB3F9400F74F6E /* Release */,
			);
			defaultConfigurationIsVisible = 0;
		};
/* End XCConfigurationList section */
	};
	rootObject = DE9E049014EB3F9400F74F6E /* Project object */;
}
